
Microsoft Visual Studio Solution File, Format Version 12.00
# Visual Studio Version 17
VisualStudioVersion = 17.8.34511.84
MinimumVisualStudioVersion = 10.0.40219.1
Project("{FAE04EC0-301F-11D3-BF4B-00C04F79EFBC}") = "ProjWebApp", "ProjWebApp\ProjWebApp.csproj", "{8305FC8A-5B04-4200-AA88-B96E1D1A79FC}"
EndProject
Global
	GlobalSection(SolutionConfigurationPlatforms) = preSolution
		Debug|Any CPU = Debug|Any CPU
		Release|Any CPU = Release|Any CPU
	EndGlobalSection
	GlobalSection(ProjectConfigurationPlatforms) = postSolution
		{8305FC8A-5B04-4200-AA88-B96E1D1A79FC}.Debug|Any CPU.ActiveCfg = Debug|Any CPU
		{8305FC8A-5B04-4200-AA88-B96E1D1A79FC}.Debug|Any CPU.Build.0 = Debug|Any CPU
		{8305FC8A-5B04-4200-AA88-B96E1D1A79FC}.Release|Any CPU.ActiveCfg = Release|Any CPU
		{8305FC8A-5B04-4200-AA88-B96E1D1A79FC}.Release|Any CPU.Build.0 = Release|Any CPU
	EndGlobalSection
	GlobalSection(SolutionProperties) = preSolution
		HideSolutionNode = FALSE
	EndGlobalSection
	GlobalSection(ExtensibilityGlobals) = postSolution
		SolutionGuid = {DE690C69-1121-41AB-AAB2-03273C6C6449}
	EndGlobalSection
EndGlobal
